
Microsoft Visual Studio Solution File, Format Version 12.00
# Visual Studio Version 17
VisualStudioVersion = 17.1.32421.90
MinimumVisualStudioVersion = 10.0.40219.1
Project("{FAE04EC0-301F-11D3-BF4B-00C04F79EFBC}") = "KantriStore.Android", "KantriStore.Android\KantriStore.Android.csproj", "{CEDF9A4B-AE32-436C-AA0F-4AC984CB419A}"
EndProject
Project("{9A19103F-16F7-4668-BE54-9A1E7A4F7556}") = "KantriStore", "KantriStore\KantriStore.csproj", "{A3EE5A40-8B1A-4107-A6BB-4A384F434861}"
EndProject
Global
	GlobalSection(SolutionConfigurationPlatforms) = preSolution
		Debug|Any CPU = Debug|Any CPU
		Release|Any CPU = Release|Any CPU
	EndGlobalSection
	GlobalSection(ProjectConfigurationPlatforms) = postSolution
		{CEDF9A4B-AE32-436C-AA0F-4AC984CB419A}.Debug|Any CPU.ActiveCfg = Debug|Any CPU
		{CEDF9A4B-AE32-436C-AA0F-4AC984CB419A}.Debug|Any CPU.Build.0 = Debug|Any CPU
		{CEDF9A4B-AE32-436C-AA0F-4AC984CB419A}.Debug|Any CPU.Deploy.0 = Debug|Any CPU
		{CEDF9A4B-AE32-436C-AA0F-4AC984CB419A}.Release|Any CPU.ActiveCfg = Release|Any CPU
		{CEDF9A4B-AE32-436C-AA0F-4AC984CB419A}.Release|Any CPU.Build.0 = Release|Any CPU
		{CEDF9A4B-AE32-436C-AA0F-4AC984CB419A}.Release|Any CPU.Deploy.0 = Release|Any CPU
		{A3EE5A40-8B1A-4107-A6BB-4A384F434861}.Debug|Any CPU.ActiveCfg = Debug|Any CPU
		{A3EE5A40-8B1A-4107-A6BB-4A384F434861}.Debug|Any CPU.Build.0 = Debug|Any CPU
		{A3EE5A40-8B1A-4107-A6BB-4A384F434861}.Debug|Any CPU.Deploy.0 = Debug|Any CPU
		{A3EE5A40-8B1A-4107-A6BB-4A384F434861}.Release|Any CPU.ActiveCfg = Release|Any CPU
		{A3EE5A40-8B1A-4107-A6BB-4A384F434861}.Release|Any CPU.Build.0 = Release|Any CPU
		{A3EE5A40-8B1A-4107-A6BB-4A384F434861}.Release|Any CPU.Deploy.0 = Release|Any CPU
	EndGlobalSection
	GlobalSection(SolutionProperties) = preSolution
		HideSolutionNode = FALSE
	EndGlobalSection
	GlobalSection(ExtensibilityGlobals) = postSolution
		SolutionGuid = {2376C016-98AD-4E6C-9C47-C334ACBF02B4}
	EndGlobalSection
EndGlobal
